
Microsoft Visual Studio Solution File, Format Version 12.00
# Visual Studio Version 16
VisualStudioVersion = 16.0.30204.135
MinimumVisualStudioVersion = 10.0.40219.1
Project("{FAE04EC0-301F-11D3-BF4B-00C04F79EFBC}") = "ApkaInz", "ApkaInz.csproj", "{9C2CA52F-493C-4DF4-8A77-7DF7A3DBF941}"
EndProject
Global
	GlobalSection(SolutionConfigurationPlatforms) = preSolution
		Debug|Any CPU = Debug|Any CPU
		Release|Any CPU = Release|Any CPU
	EndGlobalSection
	GlobalSection(ProjectConfigurationPlatforms) = postSolution
		{9C2CA52F-493C-4DF4-8A77-7DF7A3DBF941}.Debug|Any CPU.ActiveCfg = Debug|Any CPU
		{9C2CA52F-493C-4DF4-8A77-7DF7A3DBF941}.Debug|Any CPU.Build.0 = Debug|Any CPU
		{9C2CA52F-493C-4DF4-8A77-7DF7A3DBF941}.Release|Any CPU.ActiveCfg = Release|Any CPU
		{9C2CA52F-493C-4DF4-8A77-7DF7A3DBF941}.Release|Any CPU.Build.0 = Release|Any CPU
	EndGlobalSection
	GlobalSection(SolutionProperties) = preSolution
		HideSolutionNode = FALSE
	EndGlobalSection
	GlobalSection(ExtensibilityGlobals) = postSolution
		SolutionGuid = {3F607BC4-57A9-42AA-BD01-92141CB764DF}
	EndGlobalSection
EndGlobal
